
Microsoft Visual Studio Solution File, Format Version 12.00
# Visual Studio Version 17
VisualStudioVersion = 17.11.35312.102
MinimumVisualStudioVersion = 10.0.40219.1
Project("{888888A0-9F3D-457C-B088-3A5042F75D52}") = "Project-Jarvis", "Project-Jarvis.pyproj", "{806BE6A1-3619-44D8-9192-C55226E39C5D}"
EndProject
Global
	GlobalSection(SolutionConfigurationPlatforms) = preSolution
		Debug|Any CPU = Debug|Any CPU
		Release|Any CPU = Release|Any CPU
	EndGlobalSection
	GlobalSection(ProjectConfigurationPlatforms) = postSolution
		{806BE6A1-3619-44D8-9192-C55226E39C5D}.Debug|Any CPU.ActiveCfg = Debug|Any CPU
		{806BE6A1-3619-44D8-9192-C55226E39C5D}.Release|Any CPU.ActiveCfg = Release|Any CPU
	EndGlobalSection
	GlobalSection(SolutionProperties) = preSolution
		HideSolutionNode = FALSE
	EndGlobalSection
	GlobalSection(ExtensibilityGlobals) = postSolution
		SolutionGuid = {55A10FA5-24ED-408F-882C-FB70CEA5542B}
	EndGlobalSection
EndGlobal
